
Microsoft Visual Studio Solution File, Format Version 12.00
# Visual Studio Version 17
VisualStudioVersion = 17.0.31903.59
MinimumVisualStudioVersion = 10.0.40219.1
Project("{2150E333-8FDC-42A3-9474-1A3956D46DE8}") = "src", "src", "{72365640-0F3B-469A-909E-DCC6075A0BAB}"
EndProject
Project("{FAE04EC0-301F-11D3-BF4B-00C04F79EFBC}") = "API", "src\API\API.csproj", "{13079F85-80F3-46F4-AA71-C2910F078593}"
EndProject
Global
	GlobalSection(SolutionConfigurationPlatforms) = preSolution
		Debug|Any CPU = Debug|Any CPU
		Release|Any CPU = Release|Any CPU
	EndGlobalSection
	GlobalSection(SolutionProperties) = preSolution
		HideSolutionNode = FALSE
	EndGlobalSection
	GlobalSection(ProjectConfigurationPlatforms) = postSolution
		{13079F85-80F3-46F4-AA71-C2910F078593}.Debug|Any CPU.ActiveCfg = Debug|Any CPU
		{13079F85-80F3-46F4-AA71-C2910F078593}.Debug|Any CPU.Build.0 = Debug|Any CPU
		{13079F85-80F3-46F4-AA71-C2910F078593}.Release|Any CPU.ActiveCfg = Release|Any CPU
		{13079F85-80F3-46F4-AA71-C2910F078593}.Release|Any CPU.Build.0 = Release|Any CPU
	EndGlobalSection
	GlobalSection(NestedProjects) = preSolution
		{13079F85-80F3-46F4-AA71-C2910F078593} = {72365640-0F3B-469A-909E-DCC6075A0BAB}
	EndGlobalSection
EndGlobal
